
Microsoft Visual Studio Solution File, Format Version 12.00
# Visual Studio Version 17
VisualStudioVersion = 17.4.33205.214
MinimumVisualStudioVersion = 10.0.40219.1
Project("{FAE04EC0-301F-11D3-BF4B-00C04F79EFBC}") = "BankAccountsAPI", "BankAccountsAPI\BankAccountsAPI.csproj", "{29A471F3-9A04-4818-97DB-DE5A87A8DB5D}"
EndProject
Global
	GlobalSection(SolutionConfigurationPlatforms) = preSolution
		Debug|Any CPU = Debug|Any CPU
		Release|Any CPU = Release|Any CPU
	EndGlobalSection
	GlobalSection(ProjectConfigurationPlatforms) = postSolution
		{29A471F3-9A04-4818-97DB-DE5A87A8DB5D}.Debug|Any CPU.ActiveCfg = Debug|Any CPU
		{29A471F3-9A04-4818-97DB-DE5A87A8DB5D}.Debug|Any CPU.Build.0 = Debug|Any CPU
		{29A471F3-9A04-4818-97DB-DE5A87A8DB5D}.Release|Any CPU.ActiveCfg = Release|Any CPU
		{29A471F3-9A04-4818-97DB-DE5A87A8DB5D}.Release|Any CPU.Build.0 = Release|Any CPU
	EndGlobalSection
	GlobalSection(SolutionProperties) = preSolution
		HideSolutionNode = FALSE
	EndGlobalSection
	GlobalSection(ExtensibilityGlobals) = postSolution
		SolutionGuid = {72215AB8-A7AB-45EA-94A2-9ACAED0F77D3}
	EndGlobalSection
EndGlobal
